
Microsoft Visual Studio Solution File, Format Version 12.00
# Visual Studio Version 16
VisualStudioVersion = 16.0.30204.135
MinimumVisualStudioVersion = 10.0.40219.1
Project("{9A19103F-16F7-4668-BE54-9A1E7A4F7556}") = "FileContentSearch", "FileContentSearch\FileContentSearch.csproj", "{36ACE34F-A262-4CD1-8755-C71CD50C6EBE}"
EndProject
Project("{9A19103F-16F7-4668-BE54-9A1E7A4F7556}") = "Services", "Services\Services.csproj", "{841C2120-ED14-4307-8997-C1F1EC17D706}"
EndProject
Project("{2150E333-8FDC-42A3-9474-1A3956D46DE8}") = "Solution Items", "Solution Items", "{39D21E54-2448-4A79-B0EA-1A6057429E52}"
	ProjectSection(SolutionItems) = preProject
		.editorconfig = .editorconfig
	EndProjectSection
EndProject
Global
	GlobalSection(SolutionConfigurationPlatforms) = preSolution
		Debug|Any CPU = Debug|Any CPU
		Release|Any CPU = Release|Any CPU
	EndGlobalSection
	GlobalSection(ProjectConfigurationPlatforms) = postSolution
		{36ACE34F-A262-4CD1-8755-C71CD50C6EBE}.Debug|Any CPU.ActiveCfg = Debug|Any CPU
		{36ACE34F-A262-4CD1-8755-C71CD50C6EBE}.Debug|Any CPU.Build.0 = Debug|Any CPU
		{36ACE34F-A262-4CD1-8755-C71CD50C6EBE}.Release|Any CPU.ActiveCfg = Release|Any CPU
		{36ACE34F-A262-4CD1-8755-C71CD50C6EBE}.Release|Any CPU.Build.0 = Release|Any CPU
		{841C2120-ED14-4307-8997-C1F1EC17D706}.Debug|Any CPU.ActiveCfg = Debug|Any CPU
		{841C2120-ED14-4307-8997-C1F1EC17D706}.Debug|Any CPU.Build.0 = Debug|Any CPU
		{841C2120-ED14-4307-8997-C1F1EC17D706}.Release|Any CPU.ActiveCfg = Release|Any CPU
		{841C2120-ED14-4307-8997-C1F1EC17D706}.Release|Any CPU.Build.0 = Release|Any CPU
	EndGlobalSection
	GlobalSection(SolutionProperties) = preSolution
		HideSolutionNode = FALSE
	EndGlobalSection
	GlobalSection(ExtensibilityGlobals) = postSolution
		SolutionGuid = {0207B216-4274-44DF-A086-E0206CFE5832}
	EndGlobalSection
EndGlobal
